
Microsoft Visual Studio Solution File, Format Version 12.00
# Visual Studio 15
VisualStudioVersion = 15.0.27004.2002
MinimumVisualStudioVersion = 10.0.40219.1
Project("{FAE04EC0-301F-11D3-BF4B-00C04F79EFBC}") = "DatabaseCreator", "DatabaseCreator\DatabaseCreator.csproj", "{F1ADFDC7-D5C0-4D6E-8756-5F7BDE0E27BB}"
EndProject
Global
	GlobalSection(SolutionConfigurationPlatforms) = preSolution
		Debug|Any CPU = Debug|Any CPU
		Release|Any CPU = Release|Any CPU
	EndGlobalSection
	GlobalSection(ProjectConfigurationPlatforms) = postSolution
		{F1ADFDC7-D5C0-4D6E-8756-5F7BDE0E27BB}.Debug|Any CPU.ActiveCfg = Debug|Any CPU
		{F1ADFDC7-D5C0-4D6E-8756-5F7BDE0E27BB}.Debug|Any CPU.Build.0 = Debug|Any CPU
		{F1ADFDC7-D5C0-4D6E-8756-5F7BDE0E27BB}.Release|Any CPU.ActiveCfg = Release|Any CPU
		{F1ADFDC7-D5C0-4D6E-8756-5F7BDE0E27BB}.Release|Any CPU.Build.0 = Release|Any CPU
	EndGlobalSection
	GlobalSection(SolutionProperties) = preSolution
		HideSolutionNode = FALSE
	EndGlobalSection
	GlobalSection(ExtensibilityGlobals) = postSolution
		SolutionGuid = {51E50D7A-4175-41E8-B2D7-D67204655D7F}
	EndGlobalSection
EndGlobal
